// !$*UTF8*$!
{
	archiveVersion = 1;
	classes = {
	};
	objectVersion = 48;
	objects = {

/* Begin PBXBuildFile section */
		2C30D0B7201E1337005558C5 /* AppDelegate.swift in Sources */ = {isa = PBXBuildFile; fileRef = 2C30D0B6201E1337005558C5 /* AppDelegate.swift */; };
		2C30D0B9201E1337005558C5 /* ViewController.swift in Sources */ = {isa = PBXBuildFile; fileRef = 2C30D0B8201E1337005558C5 /* ViewController.swift */; };
		2C30D0BC201E1337005558C5 /* Main.storyboard in Resources */ = {isa = PBXBuildFile; fileRef = 2C30D0BA201E1337005558C5 /* Main.storyboard */; };
		2C30D0BE201E1337005558C5 /* Assets.xcassets in Resources */ = {isa = PBXBuildFile; fileRef = 2C30D0BD201E1337005558C5 /* Assets.xcassets */; };
		2C30D0C1201E1337005558C5 /* LaunchScreen.storyboard in Resources */ = {isa = PBXBuildFile; fileRef = 2C30D0BF201E1337005558C5 /* LaunchScreen.storyboard */; };
		2C30D0CA201E197B005558C5 /* StoreKit.framework in Frameworks */ = {isa = PBXBuildFile; fileRef = 2C30D0C9201E197B005558C5 /* StoreKit.framework */; };
		2C30D0CD201E1D27005558C5 /* Constants.swift in Sources */ = {isa = PBXBuildFile; fileRef = 2C30D0CC201E1D27005558C5 /* Constants.swift */; };
		339561F9D69CDDF06EC0F2A4 /* Pods_daily_dose.framework in Frameworks */ = {isa = PBXBuildFile; fileRef = 53F5D0C2A8E078AAFCF0829C /* Pods_daily_dose.framework */; };
/* End PBXBuildFile section */

/* Begin PBXFileReference section */
		2C30D0B3201E1337005558C5 /* daily-dose.app */ = {isa = PBXFileReference; explicitFileType = wrapper.application; includeInIndex = 0; path = "daily-dose.app"; sourceTree = BUILT_PRODUCTS_DIR; };
		2C30D0B6201E1337005558C5 /* AppDelegate.swift */ = {isa = PBXFileReference; lastKnownFileType = sourcecode.swift; path = AppDelegate.swift; sourceTree = "<group>"; };
		2C30D0B8201E1337005558C5 /* ViewController.swift */ = {isa = PBXFileReference; lastKnownFileType = sourcecode.swift; path = ViewController.swift; sourceTree = "<group>"; };
		2C30D0BB201E1337005558C5 /* Base */ = {isa = PBXFileReference; lastKnownFileType = file.storyboard; name = Base; path = Base.lproj/Main.storyboard; sourceTree = "<group>"; };
		2C30D0BD201E1337005558C5 /* Assets.xcassets */ = {isa = PBXFileReference; lastKnownFileType = folder.assetcatalog; path = Assets.xcassets; sourceTree = "<group>"; };
		2C30D0C0201E1337005558C5 /* Base */ = {isa = PBXFileReference; lastKnownFileType = file.storyboard; name = Base; path = Base.lproj/LaunchScreen.storyboard; sourceTree = "<group>"; };
		2C30D0C2201E1337005558C5 /* Info.plist */ = {isa = PBXFileReference; lastKnownFileType = text.plist.xml; path = Info.plist; sourceTree = "<group>"; };
		2C30D0C9201E197B005558C5 /* StoreKit.framework */ = {isa = PBXFileReference; lastKnownFileType = wrapper.framework; name = StoreKit.framework; path = System/Library/Frameworks/StoreKit.framework; sourceTree = SDKROOT; };
		2C30D0CC201E1D27005558C5 /* Constants.swift */ = {isa = PBXFileReference; lastKnownFileType = sourcecode.swift; path = Constants.swift; sourceTree = "<group>"; };
		53F5D0C2A8E078AAFCF0829C /* Pods_daily_dose.framework */ = {isa = PBXFileReference; explicitFileType = wrapper.framework; includeInIndex = 0; path = Pods_daily_dose.framework; sourceTree = BUILT_PRODUCTS_DIR; };
		E12B667B86F7935CD79A468C /* Pods-daily-dose.debug.xcconfig */ = {isa = PBXFileReference; includeInIndex = 1; lastKnownFileType = text.xcconfig; name = "Pods-daily-dose.debug.xcconfig"; path = "Pods/Target Support Files/Pods-daily-dose/Pods-daily-dose.debug.xcconfig"; sourceTree = "<group>"; };
		F591BBC4077AC9AC55C46270 /* Pods-daily-dose.release.xcconfig */ = {isa = PBXFileReference; includeInIndex = 1; lastKnownFileType = text.xcconfig; name = "Pods-daily-dose.release.xcconfig"; path = "Pods/Target Support Files/Pods-daily-dose/Pods-daily-dose.release.xcconfig"; sourceTree = "<group>"; };
/* End PBXFileReference section */

/* Begin PBXFrameworksBuildPhase section */
		2C30D0B0201E1337005558C5 /* Frameworks */ = {
			isa = PBXFrameworksBuildPhase;
			buildActionMask = 2147483647;
			files = (
				2C30D0CA201E197B005558C5 /* StoreKit.framework in Frameworks */,
				339561F9D69CDDF06EC0F2A4 /* Pods_daily_dose.framework in Frameworks */,
			);
			runOnlyForDeploymentPostprocessing = 0;
		};
/* End PBXFrameworksBuildPhase section */

/* Begin PBXGroup section */
		2C30D0AA201E1336005558C5 = {
			isa = PBXGroup;
			children = (
				2C30D0B5201E1337005558C5 /* daily-dose */,
				2C30D0B4201E1337005558C5 /* Products */,
				2C30D0C8201E197B005558C5 /* Frameworks */,
				C3C4B3A3372F181B05849C22 /* Pods */,
			);
			sourceTree = "<group>";
		};
		2C30D0B4201E1337005558C5 /* Products */ = {
			isa = PBXGroup;
			children = (
				2C30D0B3201E1337005558C5 /* daily-dose.app */,
			);
			name = Products;
			sourceTree = "<group>";
		};
		2C30D0B5201E1337005558C5 /* daily-dose */ = {
			isa = PBXGroup;
			children = (
				2C30D0CB201E1D16005558C5 /* Utilities */,
				2C30D0B6201E1337005558C5 /* AppDelegate.swift */,
				2C30D0B8201E1337005558C5 /* ViewController.swift */,
				2C30D0BA201E1337005558C5 /* Main.storyboard */,
				2C30D0BD201E1337005558C5 /* Assets.xcassets */,
				2C30D0BF201E1337005558C5 /* LaunchScreen.storyboard */,
				2C30D0C2201E1337005558C5 /* Info.plist */,
			);
			path = "daily-dose";
			sourceTree = "<group>";
		};
		2C30D0C8201E197B005558C5 /* Frameworks */ = {
			isa = PBXGroup;
			children = (
				2C30D0C9201E197B005558C5 /* StoreKit.framework */,
				53F5D0C2A8E078AAFCF0829C /* Pods_daily_dose.framework */,
			);
			name = Frameworks;
			sourceTree = "<group>";
		};
		2C30D0CB201E1D16005558C5 /* Utilities */ = {
			isa = PBXGroup;
			children = (
				2C30D0CC201E1D27005558C5 /* Constants.swift */,
			);
			path = Utilities;
			sourceTree = "<group>";
		};
		C3C4B3A3372F181B05849C22 /* Pods */ = {
			isa = PBXGroup;
			children = (
				E12B667B86F7935CD79A468C /* Pods-daily-dose.debug.xcconfig */,
				F591BBC4077AC9AC55C46270 /* Pods-daily-dose.release.xcconfig */,
			);
			name = Pods;
			sourceTree = "<group>";
		};
/* End PBXGroup section */

/* Begin PBXNativeTarget section */
		2C30D0B2201E1337005558C5 /* daily-dose */ = {
			isa = PBXNativeTarget;
			buildConfigurationList = 2C30D0C5201E1337005558C5 /* Build configuration list for PBXNativeTarget "daily-dose" */;
			buildPhases = (
				2B383CB695FF97ED44BB8995 /* [CP] Check Pods Manifest.lock */,
				2C30D0AF201E1337005558C5 /* Sources */,
				2C30D0B0201E1337005558C5 /* Frameworks */,
				2C30D0B1201E1337005558C5 /* Resources */,
				6E0B22B906B0352E087D3BD7 /* [CP] Embed Pods Frameworks */,
				BB6384321E4A28E489233E32 /* [CP] Copy Pods Resources */,
			);
			buildRules = (
			);
			dependencies = (
			);
			name = "daily-dose";
			productName = "daily-dose";
			productReference = 2C30D0B3201E1337005558C5 /* daily-dose.app */;
			productType = "com.apple.product-type.application";
		};
/* End PBXNativeTarget section */

/* Begin PBXProject section */
		2C30D0AB201E1337005558C5 /* Project object */ = {
			isa = PBXProject;
			attributes = {
				LastSwiftUpdateCheck = 0920;
				LastUpgradeCheck = 0920;
				ORGANIZATIONNAME = "iSOKOL DEV";
				TargetAttributes = {
					2C30D0B2201E1337005558C5 = {
						CreatedOnToolsVersion = 9.2;
						ProvisioningStyle = Automatic;
						SystemCapabilities = {
							com.apple.InAppPurchase = {
								enabled = 1;
							};
						};
					};
				};
			};
			buildConfigurationList = 2C30D0AE201E1337005558C5 /* Build configuration list for PBXProject "daily-dose" */;
			compatibilityVersion = "Xcode 8.0";
			developmentRegion = en;
			hasScannedForEncodings = 0;
			knownRegions = (
				en,
				Base,
			);
			mainGroup = 2C30D0AA201E1336005558C5;
			productRefGroup = 2C30D0B4201E1337005558C5 /* Products */;
			projectDirPath = "";
			projectRoot = "";
			targets = (
				2C30D0B2201E1337005558C5 /* daily-dose */,
			);
		};
/* End PBXProject section */

/* Begin PBXResourcesBuildPhase section */
		2C30D0B1201E1337005558C5 /* Resources */ = {
			isa = PBXResourcesBuildPhase;
			buildActionMask = 2147483647;
			files = (
				2C30D0C1201E1337005558C5 /* LaunchScreen.storyboard in Resources */,
				2C30D0BE201E1337005558C5 /* Assets.xcassets in Resources */,
				2C30D0BC201E1337005558C5 /* Main.storyboard in Resources */,
			);
			runOnlyForDeploymentPostprocessing = 0;
		};
/* End PBXResourcesBuildPhase section */

/* Begin PBXShellScriptBuildPhase section */
		2B383CB695FF97ED44BB8995 /* [CP] Check Pods Manifest.lock */ = {
			isa = PBXShellScriptBuildPhase;
			buildActionMask = 2147483647;
			files = (
			);
			inputPaths = (
			);
			name = "[CP] Check Pods Manifest.lock";
			outputPaths = (
			);
			runOnlyForDeploymentPostprocessing = 0;
			shellPath = /bin/sh;
			shellScript = "diff \"${PODS_ROOT}/../Podfile.lock\" \"${PODS_ROOT}/Manifest.lock\" > /dev/null\nif [ $? != 0 ] ; then\n    # print error to STDERR\n    echo \"error: The sandbox is not in sync with the Podfile.lock. Run 'pod install' or update your CocoaPods installation.\" >&2\n    exit 1\nfi\n";
			showEnvVarsInLog = 0;
		};
		6E0B22B906B0352E087D3BD7 /* [CP] Embed Pods Frameworks */ = {
			isa = PBXShellScriptBuildPhase;
			buildActionMask = 2147483647;
			files = (
			);
			inputPaths = (
			);
			name = "[CP] Embed Pods Frameworks";
			outputPaths = (
			);
			runOnlyForDeploymentPostprocessing = 0;
			shellPath = /bin/sh;
			shellScript = "\"${SRCROOT}/Pods/Target Support Files/Pods-daily-dose/Pods-daily-dose-frameworks.sh\"\n";
			showEnvVarsInLog = 0;
		};
		BB6384321E4A28E489233E32 /* [CP] Copy Pods Resources */ = {
			isa = PBXShellScriptBuildPhase;
			buildActionMask = 2147483647;
			files = (
			);
			inputPaths = (
			);
			name = "[CP] Copy Pods Resources";
			outputPaths = (
			);
			runOnlyForDeploymentPostprocessing = 0;
			shellPath = /bin/sh;
			shellScript = "\"${SRCROOT}/Pods/Target Support Files/Pods-daily-dose/Pods-daily-dose-resources.sh\"\n";
			showEnvVarsInLog = 0;
		};
/* End PBXShellScriptBuildPhase section */

/* Begin PBXSourcesBuildPhase section */
		2C30D0AF201E1337005558C5 /* Sources */ = {
			isa = PBXSourcesBuildPhase;
			buildActionMask = 2147483647;
			files = (
				2C30D0B9201E1337005558C5 /* ViewController.swift in Sources */,
				2C30D0B7201E1337005558C5 /* AppDelegate.swift in Sources */,
				2C30D0CD201E1D27005558C5 /* Constants.swift in Sources */,
			);
			runOnlyForDeploymentPostprocessing = 0;
		};
/* End PBXSourcesBuildPhase section */

/* Begin PBXVariantGroup section */
		2C30D0BA201E1337005558C5 /* Main.storyboard */ = {
			isa = PBXVariantGroup;
			children = (
				2C30D0BB201E1337005558C5 /* Base */,
			);
			name = Main.storyboard;
			sourceTree = "<group>";
		};
		2C30D0BF201E1337005558C5 /* LaunchScreen.storyboard */ = {
			isa = PBXVariantGroup;
			children = (
				2C30D0C0201E1337005558C5 /* Base */,
			);
			name = LaunchScreen.storyboard;
			sourceTree = "<group>";
		};
/* End PBXVariantGroup section */

/* Begin XCBuildConfiguration section */
		2C30D0C3201E1337005558C5 /* Debug */ = {
			isa = XCBuildConfiguration;
			buildSettings = {
				ALWAYS_SEARCH_USER_PATHS = NO;
				CLANG_ANALYZER_NONNULL = YES;
				CLANG_ANALYZER_NUMBER_OBJECT_CONVERSION = YES_AGGRESSIVE;
				CLANG_CXX_LANGUAGE_STANDARD = "gnu++14";
				CLANG_CXX_LIBRARY = "libc++";
				CLANG_ENABLE_MODULES = YES;
				CLANG_ENABLE_OBJC_ARC = YES;
				CLANG_WARN_BLOCK_CAPTURE_AUTORELEASING = YES;
				CLANG_WARN_BOOL_CONVERSION = YES;
				CLANG_WARN_COMMA = YES;
				CLANG_WARN_CONSTANT_CONVERSION = YES;
				CLANG_WARN_DIRECT_OBJC_ISA_USAGE = YES_ERROR;
				CLANG_WARN_DOCUMENTATION_COMMENTS = YES;
				CLANG_WARN_EMPTY_BODY = YES;
				CLANG_WARN_ENUM_CONVERSION = YES;
				CLANG_WARN_INFINITE_RECURSION = YES;
				CLANG_WARN_INT_CONVERSION = YES;
				CLANG_WARN_NON_LITERAL_NULL_CONVERSION = YES;
				CLANG_WARN_OBJC_LITERAL_CONVERSION = YES;
				CLANG_WARN_OBJC_ROOT_CLASS = YES_ERROR;
				CLANG_WARN_RANGE_LOOP_ANALYSIS = YES;
				CLANG_WARN_STRICT_PROTOTYPES = YES;
				CLANG_WARN_SUSPICIOUS_MOVE = YES;
				CLANG_WARN_UNGUARDED_AVAILABILITY = YES_AGGRESSIVE;
				CLANG_WARN_UNREACHABLE_CODE = YES;
				CLANG_WARN__DUPLICATE_METHOD_MATCH = YES;
				CODE_SIGN_IDENTITY = "iPhone Developer";
				COPY_PHASE_STRIP = NO;
				DEBUG_INFORMATION_FORMAT = dwarf;
				ENABLE_STRICT_OBJC_MSGSEND = YES;
				ENABLE_TESTABILITY = YES;
				GCC_C_LANGUAGE_STANDARD = gnu11;
				GCC_DYNAMIC_NO_PIC = NO;
				GCC_NO_COMMON_BLOCKS = YES;
				GCC_OPTIMIZATION_LEVEL = 0;
				GCC_PREPROCESSOR_DEFINITIONS = (
					"DEBUG=1",
					"$(inherited)",
				);
				GCC_WARN_64_TO_32_BIT_CONVERSION = YES;
				GCC_WARN_ABOUT_RETURN_TYPE = YES_ERROR;
				GCC_WARN_UNDECLARED_SELECTOR = YES;
				GCC_WARN_UNINITIALIZED_AUTOS = YES_AGGRESSIVE;
				GCC_WARN_UNUSED_FUNCTION = YES;
				GCC_WARN_UNUSED_VARIABLE = YES;
				IPHONEOS_DEPLOYMENT_TARGET = 11.2;
				MTL_ENABLE_DEBUG_INFO = YES;
				ONLY_ACTIVE_ARCH = YES;
				SDKROOT = iphoneos;
				SWIFT_ACTIVE_COMPILATION_CONDITIONS = DEBUG;
				SWIFT_OPTIMIZATION_LEVEL = "-Onone";
			};
			name = Debug;
		};
		2C30D0C4201E1337005558C5 /* Release */ = {
			isa = XCBuildConfiguration;
			buildSettings = {
				ALWAYS_SEARCH_USER_PATHS = NO;
				CLANG_ANALYZER_NONNULL = YES;
				CLANG_ANALYZER_NUMBER_OBJECT_CONVERSION = YES_AGGRESSIVE;
				CLANG_CXX_LANGUAGE_STANDARD = "gnu++14";
				CLANG_CXX_LIBRARY = "libc++";
				CLANG_ENABLE_MODULES = YES;
				CLANG_ENABLE_OBJC_ARC = YES;
				CLANG_WARN_BLOCK_CAPTURE_AUTORELEASING = YES;
				CLANG_WARN_BOOL_CONVERSION = YES;
				CLANG_WARN_COMMA = YES;
				CLANG_WARN_CONSTANT_CONVERSION = YES;
				CLANG_WARN_DIRECT_OBJC_ISA_USAGE = YES_ERROR;
				CLANG_WARN_DOCUMENTATION_COMMENTS = YES;
				CLANG_WARN_EMPTY_BODY = YES;
				CLANG_WARN_ENUM_CONVERSION = YES;
				CLANG_WARN_INFINITE_RECURSION = YES;
				CLANG_WARN_INT_CONVERSION = YES;
				CLANG_WARN_NON_LITERAL_NULL_CONVERSION = YES;
				CLANG_WARN_OBJC_LITERAL_CONVERSION = YES;
				CLANG_WARN_OBJC_ROOT_CLASS = YES_ERROR;
				CLANG_WARN_RANGE_LOOP_ANALYSIS = YES;
				CLANG_WARN_STRICT_PROTOTYPES = YES;
				CLANG_WARN_SUSPICIOUS_MOVE = YES;
				CLANG_WARN_UNGUARDED_AVAILABILITY = YES_AGGRESSIVE;
				CLANG_WARN_UNREACHABLE_CODE = YES;
				CLANG_WARN__DUPLICATE_METHOD_MATCH = YES;
				CODE_SIGN_IDENTITY = "iPhone Developer";
				COPY_PHASE_STRIP = NO;
				DEBUG_INFORMATION_FORMAT = "dwarf-with-dsym";
				ENABLE_NS_ASSERTIONS = NO;
				ENABLE_STRICT_OBJC_MSGSEND = YES;
				GCC_C_LANGUAGE_STANDARD = gnu11;
				GCC_NO_COMMON_BLOCKS = YES;
				GCC_WARN_64_TO_32_BIT_CONVERSION = YES;
				GCC_WARN_ABOUT_RETURN_TYPE = YES_ERROR;
				GCC_WARN_UNDECLARED_SELECTOR = YES;
				GCC_WARN_UNINITIALIZED_AUTOS = YES_AGGRESSIVE;
				GCC_WARN_UNUSED_FUNCTION = YES;
				GCC_WARN_UNUSED_VARIABLE = YES;
				IPHONEOS_DEPLOYMENT_TARGET = 11.2;
				MTL_ENABLE_DEBUG_INFO = NO;
				SDKROOT = iphoneos;
				SWIFT_OPTIMIZATION_LEVEL = "-Owholemodule";
				VALIDATE_PRODUCT = YES;
			};
			name = Release;
		};
		2C30D0C6201E1337005558C5 /* Debug */ = {
			isa = XCBuildConfiguration;
			baseConfigurationReference = E12B667B86F7935CD79A468C /* Pods-daily-dose.debug.xcconfig */;
			buildSettings = {
				ASSETCATALOG_COMPILER_APPICON_NAME = AppIcon;
				CODE_SIGN_STYLE = Automatic;
				DEVELOPMENT_TEAM = 4FTDPDE5LK;
				INFOPLIST_FILE = "daily-dose/Info.plist";
				LD_RUNPATH_SEARCH_PATHS = "$(inherited) @executable_path/Frameworks";
				PRODUCT_BUNDLE_IDENTIFIER = "com.isokol.sokolovkii.ivan.daily-dose";
				PRODUCT_NAME = "$(TARGET_NAME)";
				SWIFT_VERSION = 4.0;
				TARGETED_DEVICE_FAMILY = "1,2";
			};
			name = Debug;
		};
		2C30D0C7201E1337005558C5 /* Release */ = {
			isa = XCBuildConfiguration;
			baseConfigurationReference = F591BBC4077AC9AC55C46270 /* Pods-daily-dose.release.xcconfig */;
			buildSettings = {
				ASSETCATALOG_COMPILER_APPICON_NAME = AppIcon;
				CODE_SIGN_STYLE = Automatic;
				DEVELOPMENT_TEAM = 4FTDPDE5LK;
				INFOPLIST_FILE = "daily-dose/Info.plist";
				LD_RUNPATH_SEARCH_PATHS = "$(inherited) @executable_path/Frameworks";
				PRODUCT_BUNDLE_IDENTIFIER = "com.isokol.sokolovkii.ivan.daily-dose";
				PRODUCT_NAME = "$(TARGET_NAME)";
				SWIFT_VERSION = 4.0;
				TARGETED_DEVICE_FAMILY = "1,2";
			};
			name = Release;
		};
/* End XCBuildConfiguration section */

/* Begin XCConfigurationList section */
		2C30D0AE201E1337005558C5 /* Build configuration list for PBXProject "daily-dose" */ = {
			isa = XCConfigurationList;
			buildConfigurations = (
				2C30D0C3201E1337005558C5 /* Debug */,
				2C30D0C4201E1337005558C5 /* Release */,
			);
			defaultConfigurationIsVisible = 0;
			defaultConfigurationName = Release;
		};
		2C30D0C5201E1337005558C5 /* Build configuration list for PBXNativeTarget "daily-dose" */ = {
			isa = XCConfigurationList;
			buildConfigurations = (
				2C30D0C6201E1337005558C5 /* Debug */,
				2C30D0C7201E1337005558C5 /* Release */,
			);
			defaultConfigurationIsVisible = 0;
			defaultConfigurationName = Release;
		};
/* End XCConfigurationList section */
	};
	rootObject = 2C30D0AB201E1337005558C5 /* Project object */;
}
